<?xml version="1.0" encoding="utf-8"?>
<Project ToolsVersion="4.0" xmlns="http://schemas.microsoft.com/developer/msbuild/2003">
  <ItemGroup>
    <Filter Include="ソース ファイル">
      <UniqueIdentifier>{4FC737F1-C7A5-4376-A066-2A32D752A2FF}</UniqueIdentifier>
      <Extensions>cpp;c;cc;cxx;def;odl;idl;hpj;bat;asm;asmx</Extensions>
    </Filter>
    <Filter Include="ヘッダー ファイル">
      <UniqueIdentifier>{93995380-89BD-4b04-88EB-625FBE52EBFB}</UniqueIdentifier>
      <Extensions>h;hh;hpp;hxx;hm;inl;inc;xsd</Extensions>
    </Filter>
    <Filter Include="リソース ファイル">
      <UniqueIdentifier>{67DA6AB6-F800-4c08-8B7A-83BB121AAD01}</UniqueIdentifier>
      <Extensions>rc;ico;cur;bmp;dlg;rc2;rct;bin;rgs;gif;jpg;jpeg;jpe;resx;tiff;tif;png;wav;mfcribbon-ms</Extensions>
    </Filter>
    <Filter Include="HomuraViewer">
      <UniqueIdentifier>{70d24fb9-687e-46b9-b57b-7193cb96bf02}</UniqueIdentifier>
    </Filter>
    <Filter Include="HomuraViewer\FullADC">
      <UniqueIdentifier>{d510791f-221d-4220-b683-d28a57851483}</UniqueIdentifier>
    </Filter>
    <Filter Include="HomuraViewer\Battery">
      <UniqueIdentifier>{d520a4a6-d9b6-454e-b44b-97771747441b}</UniqueIdentifier>
    </Filter>
    <Filter Include="HomuraViewer\File">
      <UniqueIdentifier>{b6a44d61-7495-48a2-b30b-cafe562e8c26}</UniqueIdentifier>
    </Filter>
    <Filter Include="HomuraViewer\Message">
      <UniqueIdentifier>{36b0113f-6e29-4a82-b38b-d85099f35329}</UniqueIdentifier>
    </Filter>
    <Filter Include="hmLib">
      <UniqueIdentifier>{dcb53f3c-0985-4dcf-a0db-bf99a1c9d739}</UniqueIdentifier>
    </Filter>
    <Filter Include="hmLib\comgate">
      <UniqueIdentifier>{11e27a91-e5f5-4c75-af56-387973ab0bfd}</UniqueIdentifier>
    </Filter>
    <Filter Include="hmLib\comgate\winRS">
      <UniqueIdentifier>{6ece7795-b59c-4048-9d7d-d485ae7bf740}</UniqueIdentifier>
    </Filter>
  </ItemGroup>
  <ItemGroup>
    <ClInclude Include="FullADC\FileAgent.hpp">
      <Filter>HomuraViewer\FullADC</Filter>
    </ClInclude>
    <ClInclude Include="FullADC\FullADCMessageAgent.hpp">
      <Filter>HomuraViewer\FullADC</Filter>
    </ClInclude>
    <ClInclude Include="FullADC\Data.hpp">
      <Filter>HomuraViewer\FullADC</Filter>
    </ClInclude>
    <ClInclude Include="FullADC\DxMUI.hpp">
      <Filter>HomuraViewer\FullADC</Filter>
    </ClInclude>
    <ClInclude Include="Battery\FileAgent.hpp">
      <Filter>HomuraViewer\Battery</Filter>
    </ClInclude>
    <ClInclude Include="Battery\MessageAgent.hpp">
      <Filter>HomuraViewer\Battery</Filter>
    </ClInclude>
    <ClInclude Include="File\ItfFile.hpp">
      <Filter>HomuraViewer\File</Filter>
    </ClInclude>
    <ClInclude Include="File\TimeDirectoryFile.hpp">
      <Filter>HomuraViewer\File</Filter>
    </ClInclude>
    <ClInclude Include="File\TimeFile.hpp">
      <Filter>HomuraViewer\File</Filter>
    </ClInclude>
    <ClInclude Include="File\UniSensorFileAgent.hpp">
      <Filter>HomuraViewer\File</Filter>
    </ClInclude>
    <ClInclude Include="File\ConstNameDirectoryFile.hpp">
      <Filter>HomuraViewer\File</Filter>
    </ClInclude>
    <ClInclude Include="File\ConstNameFileAgent.hpp">
      <Filter>HomuraViewer\File</Filter>
    </ClInclude>
    <ClInclude Include="File\CSVFileAgent.hpp">
      <Filter>HomuraViewer\File</Filter>
    </ClInclude>
    <ClInclude Include="Message\ItfMessageAgent.hpp">
      <Filter>HomuraViewer\Message</Filter>
    </ClInclude>
    <ClInclude Include="Message\Message.hpp">
      <Filter>HomuraViewer\Message</Filter>
    </ClInclude>
    <ClInclude Include="Message\ItfMessage.hpp">
      <Filter>HomuraViewer\Message</Filter>
    </ClInclude>
    <ClInclude Include="Resource.hpp">
      <Filter>ヘッダー ファイル</Filter>
    </ClInclude>
    <ClInclude Include="UniSensor.hpp">
      <Filter>ヘッダー ファイル</Filter>
    </ClInclude>
    <ClInclude Include="vmstatus.hpp">
      <Filter>ヘッダー ファイル</Filter>
    </ClInclude>
    <ClInclude Include="any_predicate.hpp">
      <Filter>ヘッダー ファイル</Filter>
    </ClInclude>
    <ClInclude Include="fomagate.hpp">
      <Filter>ヘッダー ファイル</Filter>
    </ClInclude>
    <ClInclude Include="hmLib_config.h">
      <Filter>ヘッダー ファイル</Filter>
    </ClInclude>
    <ClInclude Include="hmLibVer.hpp">
      <Filter>ヘッダー ファイル</Filter>
    </ClInclude>
    <ClInclude Include="hmrAccele.hpp">
      <Filter>ヘッダー ファイル</Filter>
    </ClInclude>
    <ClInclude Include="hmrAcceleFile.hpp">
      <Filter>ヘッダー ファイル</Filter>
    </ClInclude>
    <ClInclude Include="hmrAcceleLogger.hpp">
      <Filter>ヘッダー ファイル</Filter>
    </ClInclude>
    <ClInclude Include="hmrADC.h">
      <Filter>ヘッダー ファイル</Filter>
    </ClInclude>
    <ClInclude Include="hmrBufGate.hpp">
      <Filter>ヘッダー ファイル</Filter>
    </ClInclude>
    <ClInclude Include="hmrChrono.hpp">
      <Filter>ヘッダー ファイル</Filter>
    </ClInclude>
    <ClInclude Include="hmrCO2.hpp">
      <Filter>ヘッダー ファイル</Filter>
    </ClInclude>
    <ClInclude Include="hmrCO2File.hpp">
      <Filter>ヘッダー ファイル</Filter>
    </ClInclude>
    <ClInclude Include="hmrCom.hpp">
      <Filter>ヘッダー ファイル</Filter>
    </ClInclude>
    <ClInclude Include="hmrComLog.hpp">
      <Filter>ヘッダー ファイル</Filter>
    </ClInclude>
    <ClInclude Include="hmrCompass.hpp">
      <Filter>ヘッダー ファイル</Filter>
    </ClInclude>
    <ClInclude Include="hmrCompassData.hpp">
      <Filter>ヘッダー ファイル</Filter>
    </ClInclude>
    <ClInclude Include="hmrCompassFile.hpp">
      <Filter>ヘッダー ファイル</Filter>
    </ClInclude>
    <ClInclude Include="hmrCompassMA.hpp">
      <Filter>ヘッダー ファイル</Filter>
    </ClInclude>
    <ClInclude Include="hmrComTimeLogger.hpp">
      <Filter>ヘッダー ファイル</Filter>
    </ClInclude>
    <ClInclude Include="hmrConnectCore.hpp">
      <Filter>ヘッダー ファイル</Filter>
    </ClInclude>
    <ClInclude Include="hmrConnectDx.hpp">
      <Filter>ヘッダー ファイル</Filter>
    </ClInclude>
    <ClInclude Include="hmrConnectFile.hpp">
      <Filter>ヘッダー ファイル</Filter>
    </ClInclude>
    <ClInclude Include="hmrConnectKeyboard.hpp">
      <Filter>ヘッダー ファイル</Filter>
    </ClInclude>
    <ClInclude Include="hmrConnectModule.hpp">
      <Filter>ヘッダー ファイル</Filter>
    </ClInclude>
    <ClInclude Include="hmrConnectMUI.hpp">
      <Filter>ヘッダー ファイル</Filter>
    </ClInclude>
    <ClInclude Include="hmrConnectPad.hpp">
      <Filter>ヘッダー ファイル</Filter>
    </ClInclude>
    <ClInclude Include="hmrConnectSUI.hpp">
      <Filter>ヘッダー ファイル</Filter>
    </ClInclude>
    <ClInclude Include="hmrDeviceManage.hpp">
      <Filter>ヘッダー ファイル</Filter>
    </ClInclude>
    <ClInclude Include="hmrDeviceManage2.hpp">
      <Filter>ヘッダー ファイル</Filter>
    </ClInclude>
    <ClInclude Include="hmrDxAcceleMUI.hpp">
      <Filter>ヘッダー ファイル</Filter>
    </ClInclude>
    <ClInclude Include="hmrDxBattery.hpp">
      <Filter>ヘッダー ファイル</Filter>
    </ClInclude>
    <ClInclude Include="hmrDxBatteryMUI.hpp">
      <Filter>ヘッダー ファイル</Filter>
    </ClInclude>
    <ClInclude Include="hmrDxBufGateSUI.hpp">
      <Filter>ヘッダー ファイル</Filter>
    </ClInclude>
    <ClInclude Include="hmrDxBUI.hpp">
      <Filter>ヘッダー ファイル</Filter>
    </ClInclude>
    <ClInclude Include="hmrDxBUIBoxSideDisp.hpp">
      <Filter>ヘッダー ファイル</Filter>
    </ClInclude>
    <ClInclude Include="hmrDxChrono.hpp">
      <Filter>ヘッダー ファイル</Filter>
    </ClInclude>
    <ClInclude Include="hmrDxCO2MUI.hpp">
      <Filter>ヘッダー ファイル</Filter>
    </ClInclude>
    <ClInclude Include="hmrDXCom.hpp">
      <Filter>ヘッダー ファイル</Filter>
    </ClInclude>
    <ClInclude Include="hmrDxCom_v2.hpp">
      <Filter>ヘッダー ファイル</Filter>
    </ClInclude>
    <ClInclude Include="hmrDxCompassMUI.hpp">
      <Filter>ヘッダー ファイル</Filter>
    </ClInclude>
    <ClInclude Include="hmrDxComSUI.hpp">
      <Filter>ヘッダー ファイル</Filter>
    </ClInclude>
    <ClInclude Include="hmrDxControlMainDisplay.hpp">
      <Filter>ヘッダー ファイル</Filter>
    </ClInclude>
    <ClInclude Include="hmrDxDeviceManageSUI.hpp">
      <Filter>ヘッダー ファイル</Filter>
    </ClInclude>
    <ClInclude Include="hmrDxDeviceManageSUI2.hpp">
      <Filter>ヘッダー ファイル</Filter>
    </ClInclude>
    <ClInclude Include="hmrDxDisplay.hpp">
      <Filter>ヘッダー ファイル</Filter>
    </ClInclude>
    <ClInclude Include="hmrDxFileSUI.hpp">
      <Filter>ヘッダー ファイル</Filter>
    </ClInclude>
    <ClInclude Include="hmrDxGateSwitcher.hpp">
      <Filter>ヘッダー ファイル</Filter>
    </ClInclude>
    <ClInclude Include="hmrDxGateSwitcherSUI.hpp">
      <Filter>ヘッダー ファイル</Filter>
    </ClInclude>
    <ClInclude Include="hmrDxGPSKashmir.hpp">
      <Filter>ヘッダー ファイル</Filter>
    </ClInclude>
    <ClInclude Include="hmrDxGPSMap.hpp">
      <Filter>ヘッダー ファイル</Filter>
    </ClInclude>
    <ClInclude Include="hmrDxGPSMUI.hpp">
      <Filter>ヘッダー ファイル</Filter>
    </ClInclude>
    <ClInclude Include="hmrDxGyroMUI.hpp">
      <Filter>ヘッダー ファイル</Filter>
    </ClInclude>
    <ClInclude Include="hmrDxH2SMUI.hpp">
      <Filter>ヘッダー ファイル</Filter>
    </ClInclude>
    <ClInclude Include="hmrDxHumidMUI.hpp">
      <Filter>ヘッダー ファイル</Filter>
    </ClInclude>
    <ClInclude Include="hmrDxInfomation.hpp">
      <Filter>ヘッダー ファイル</Filter>
    </ClInclude>
    <ClInclude Include="hmrDxInfraRedMUI.hpp">
      <Filter>ヘッダー ファイル</Filter>
    </ClInclude>
    <ClInclude Include="hmrDxIO.hpp">
      <Filter>ヘッダー ファイル</Filter>
    </ClInclude>
    <ClInclude Include="hmrDxIO_v2.hpp">
      <Filter>ヘッダー ファイル</Filter>
    </ClInclude>
    <ClInclude Include="hmrDxIODisplay.hpp">
      <Filter>ヘッダー ファイル</Filter>
    </ClInclude>
    <ClInclude Include="hmrDxIOLogGateSUI.hpp">
      <Filter>ヘッダー ファイル</Filter>
    </ClInclude>
    <ClInclude Include="hmrDxIOSUI.hpp">
      <Filter>ヘッダー ファイル</Filter>
    </ClInclude>
    <ClInclude Include="hmrDxKeyboard.hpp">
      <Filter>ヘッダー ファイル</Filter>
    </ClInclude>
    <ClInclude Include="hmrDxLoggerManageSUI.hpp">
      <Filter>ヘッダー ファイル</Filter>
    </ClInclude>
    <ClInclude Include="hmrDxMotorMUI.hpp">
      <Filter>ヘッダー ファイル</Filter>
    </ClInclude>
    <ClInclude Include="hmrDxNavigator.hpp">
      <Filter>ヘッダー ファイル</Filter>
    </ClInclude>
    <ClInclude Include="hmrDxOperatorSUI.hpp">
      <Filter>ヘッダー ファイル</Filter>
    </ClInclude>
    <ClInclude Include="hmrDxPad.hpp">
      <Filter>ヘッダー ファイル</Filter>
    </ClInclude>
    <ClInclude Include="hmrDxPadStatus.hpp">
      <Filter>ヘッダー ファイル</Filter>
    </ClInclude>
    <ClInclude Include="hmrDxSHT75MUI.hpp">
      <Filter>ヘッダー ファイル</Filter>
    </ClInclude>
    <ClInclude Include="hmrDxSprite.hpp">
      <Filter>ヘッダー ファイル</Filter>
    </ClInclude>
    <ClInclude Include="hmrDxSpriteMUI.hpp">
      <Filter>ヘッダー ファイル</Filter>
    </ClInclude>
    <ClInclude Include="hmrDxThermoMUI.hpp">
      <Filter>ヘッダー ファイル</Filter>
    </ClInclude>
    <ClInclude Include="hmrDxTools.hpp">
      <Filter>ヘッダー ファイル</Filter>
    </ClInclude>
    <ClInclude Include="hmrDxVMCSUI.hpp">
      <Filter>ヘッダー ファイル</Filter>
    </ClInclude>
    <ClInclude Include="hmrFlagirl.hpp">
      <Filter>ヘッダー ファイル</Filter>
    </ClInclude>
    <ClInclude Include="hmrGateConnector.hpp">
      <Filter>ヘッダー ファイル</Filter>
    </ClInclude>
    <ClInclude Include="hmrGateSwitcher.hpp">
      <Filter>ヘッダー ファイル</Filter>
    </ClInclude>
    <ClInclude Include="hmrGPS.hpp">
      <Filter>ヘッダー ファイル</Filter>
    </ClInclude>
    <ClInclude Include="hmrGPSDataSet.hpp">
      <Filter>ヘッダー ファイル</Filter>
    </ClInclude>
    <ClInclude Include="hmrGPSFile.hpp">
      <Filter>ヘッダー ファイル</Filter>
    </ClInclude>
    <ClInclude Include="hmrGPSKashmir.hpp">
      <Filter>ヘッダー ファイル</Filter>
    </ClInclude>
    <ClInclude Include="hmrGyro.hpp">
      <Filter>ヘッダー ファイル</Filter>
    </ClInclude>
    <ClInclude Include="hmrGyroCompass.hpp">
      <Filter>ヘッダー ファイル</Filter>
    </ClInclude>
    <ClInclude Include="hmrGyroFile.hpp">
      <Filter>ヘッダー ファイル</Filter>
    </ClInclude>
    <ClInclude Include="hmrGyroLogger.hpp">
      <Filter>ヘッダー ファイル</Filter>
    </ClInclude>
    <ClInclude Include="hmrH2S.hpp">
      <Filter>ヘッダー ファイル</Filter>
    </ClInclude>
    <ClInclude Include="hmrH2SFile.hpp">
      <Filter>ヘッダー ファイル</Filter>
    </ClInclude>
    <ClInclude Include="hmrHumid.hpp">
      <Filter>ヘッダー ファイル</Filter>
    </ClInclude>
    <ClInclude Include="hmrHumidFile.hpp">
      <Filter>ヘッダー ファイル</Filter>
    </ClInclude>
    <ClInclude Include="hmrInfraRed.hpp">
      <Filter>ヘッダー ファイル</Filter>
    </ClInclude>
    <ClInclude Include="hmrInfraRedFile.hpp">
      <Filter>ヘッダー ファイル</Filter>
    </ClInclude>
    <ClInclude Include="hmrIO.hpp">
      <Filter>ヘッダー ファイル</Filter>
    </ClInclude>
    <ClInclude Include="hmrItfCom.hpp">
      <Filter>ヘッダー ファイル</Filter>
    </ClInclude>
    <ClInclude Include="hmrLoggerManage.hpp">
      <Filter>ヘッダー ファイル</Filter>
    </ClInclude>
    <ClInclude Include="hmrManipulator.hpp">
      <Filter>ヘッダー ファイル</Filter>
    </ClInclude>
    <ClInclude Include="hmrMotor.hpp">
      <Filter>ヘッダー ファイル</Filter>
    </ClInclude>
    <ClInclude Include="hmrOperator.hpp">
      <Filter>ヘッダー ファイル</Filter>
    </ClInclude>
    <ClInclude Include="hmrSensorsFile.hpp">
      <Filter>ヘッダー ファイル</Filter>
    </ClInclude>
    <ClInclude Include="hmrSHT75.hpp">
      <Filter>ヘッダー ファイル</Filter>
    </ClInclude>
    <ClInclude Include="hmrSprite.hpp">
      <Filter>ヘッダー ファイル</Filter>
    </ClInclude>
    <ClInclude Include="hmrSpriteFile.hpp">
      <Filter>ヘッダー ファイル</Filter>
    </ClInclude>
    <ClInclude Include="hmrThermo.hpp">
      <Filter>ヘッダー ファイル</Filter>
    </ClInclude>
    <ClInclude Include="hmrThermoFile.hpp">
      <Filter>ヘッダー ファイル</Filter>
    </ClInclude>
    <ClInclude Include="iologgate.hpp">
      <Filter>ヘッダー ファイル</Filter>
    </ClInclude>
    <ClInclude Include="modeflags.hpp">
      <Filter>ヘッダー ファイル</Filter>
    </ClInclude>
    <ClInclude Include="predicate.hpp">
      <Filter>ヘッダー ファイル</Filter>
    </ClInclude>
    <ClInclude Include="File.hpp">
      <Filter>HomuraViewer</Filter>
    </ClInclude>
    <ClInclude Include="chrono.hpp">
      <Filter>HomuraViewer</Filter>
    </ClInclude>
    <ClInclude Include="FullADC.hpp">
      <Filter>HomuraViewer</Filter>
    </ClInclude>
    <ClInclude Include="Message.hpp">
      <Filter>HomuraViewer</Filter>
    </ClInclude>
    <ClInclude Include="VMC1.h">
      <Filter>HomuraViewer</Filter>
    </ClInclude>
    <ClInclude Include="..\..\hmLib\hmLib\cdeque.h">
      <Filter>hmLib</Filter>
    </ClInclude>
    <ClInclude Include="..\..\hmLib\hmLib\color.hpp">
      <Filter>hmLib</Filter>
    </ClInclude>
    <ClInclude Include="..\..\hmLib\hmLib\comgate.hpp">
      <Filter>hmLib</Filter>
    </ClInclude>
    <ClInclude Include="..\..\hmLib\hmLib\config_vc.h">
      <Filter>hmLib</Filter>
    </ClInclude>
    <ClInclude Include="..\..\hmLib\hmLib\coordinates.hpp">
      <Filter>hmLib</Filter>
    </ClInclude>
    <ClInclude Include="..\..\hmLib\hmLib\cqueue.h">
      <Filter>hmLib</Filter>
    </ClInclude>
    <ClInclude Include="..\..\hmLib\hmLib\cstack.h">
      <Filter>hmLib</Filter>
    </ClInclude>
    <ClInclude Include="..\..\hmLib\hmLib\cstring.h">
      <Filter>hmLib</Filter>
    </ClInclude>
    <ClInclude Include="..\..\hmLib\hmLib\csv_iterator.hpp">
      <Filter>hmLib</Filter>
    </ClInclude>
    <ClInclude Include="..\..\hmLib\hmLib\date.hpp">
      <Filter>hmLib</Filter>
    </ClInclude>
    <ClInclude Include="..\..\hmLib\hmLib\debugstream.hpp">
      <Filter>hmLib</Filter>
    </ClInclude>
    <ClInclude Include="..\..\hmLib\hmLib\exceptions.hpp">
      <Filter>hmLib</Filter>
    </ClInclude>
    <ClInclude Include="..\..\hmLib\hmLib\filterbuf.hpp">
      <Filter>hmLib</Filter>
    </ClInclude>
    <ClInclude Include="..\..\hmLib\hmLib\functional.hpp">
      <Filter>hmLib</Filter>
    </ClInclude>
    <ClInclude Include="..\..\hmLib\hmLib\gate.hpp">
      <Filter>hmLib</Filter>
    </ClInclude>
    <ClInclude Include="..\..\hmLib\hmLib\gps.hpp">
      <Filter>hmLib</Filter>
    </ClInclude>
    <ClInclude Include="..\..\hmLib\hmLib\inquiries.hpp">
      <Filter>hmLib</Filter>
    </ClInclude>
    <ClInclude Include="..\..\hmLib\hmLib\iocsv.hpp">
      <Filter>hmLib</Filter>
    </ClInclude>
    <ClInclude Include="..\..\hmLib\hmLib\lattices.hpp">
      <Filter>hmLib</Filter>
    </ClInclude>
    <ClInclude Include="..\..\hmLib\hmLib\mutex_proxy.hpp">
      <Filter>hmLib</Filter>
    </ClInclude>
    <ClInclude Include="..\..\hmLib\hmLib\position.hpp">
      <Filter>hmLib</Filter>
    </ClInclude>
    <ClInclude Include="..\..\hmLib\hmLib\random.hpp">
      <Filter>hmLib</Filter>
    </ClInclude>
    <ClInclude Include="..\..\hmLib\hmLib\rectangle.hpp">
      <Filter>hmLib</Filter>
    </ClInclude>
    <ClInclude Include="..\..\hmLib\hmLib\signals.hpp">
      <Filter>hmLib</Filter>
    </ClInclude>
    <ClInclude Include="..\..\hmLib\hmLib\stream_utility.hpp">
      <Filter>hmLib</Filter>
    </ClInclude>
    <ClInclude Include="..\..\hmLib\hmLib\streambuf_interface.hpp">
      <Filter>hmLib</Filter>
    </ClInclude>
    <ClInclude Include="..\..\hmLib\hmLib\table.hpp">
      <Filter>hmLib</Filter>
    </ClInclude>
    <ClInclude Include="..\..\hmLib\hmLib\type.h">
      <Filter>hmLib</Filter>
    </ClInclude>
    <ClInclude Include="..\..\hmLib\hmLib\typemanage.hpp">
      <Filter>hmLib</Filter>
    </ClInclude>
    <ClInclude Include="..\..\hmLib\hmLib\utility.hpp">
      <Filter>hmLib</Filter>
    </ClInclude>
    <ClInclude Include="..\..\hmLib\hmLib\version.h">
      <Filter>hmLib</Filter>
    </ClInclude>
    <ClInclude Include="..\..\hmLib\hmLib\algorithm.hpp">
      <Filter>hmLib</Filter>
    </ClInclude>
    <ClInclude Include="..\..\hmLib\hmLib\any_iterator.hpp">
      <Filter>hmLib</Filter>
    </ClInclude>
    <ClInclude Include="..\..\hmLib\hmLib\array_queue.hpp">
      <Filter>hmLib</Filter>
    </ClInclude>
    <ClInclude Include="..\..\hmLib\hmLib\bufgate.hpp">
      <Filter>hmLib</Filter>
    </ClInclude>
    <ClInclude Include="..\..\hmLib\hmLib\comgate\winRS\winrs.h">
      <Filter>hmLib\comgate\winRS</Filter>
    </ClInclude>
    <ClInclude Include="..\..\hmLib\hmLib\comgate\winRS\ifline.h">
      <Filter>hmLib\comgate\winRS</Filter>
    </ClInclude>
    <ClInclude Include="Battery\Data.hpp">
      <Filter>HomuraViewer\Battery</Filter>
    </ClInclude>
    <ClInclude Include="Message\PacketData.hpp">
      <Filter>HomuraViewer\Message</Filter>
    </ClInclude>
  </ItemGroup>
  <ItemGroup>
    <ResourceCompile Include="Resource.rc">
      <Filter>リソース ファイル</Filter>
    </ResourceCompile>
  </ItemGroup>
  <ItemGroup>
    <ClCompile Include="hmrCompassMA.cpp">
      <Filter>ソース ファイル</Filter>
    </ClCompile>
    <ClCompile Include="hmrDxDeviceManageSUI.cpp">
      <Filter>ソース ファイル</Filter>
    </ClCompile>
    <ClCompile Include="hmrDxIOSideDisp.cpp">
      <Filter>ソース ファイル</Filter>
    </ClCompile>
    <ClCompile Include="hmrDxLoggerManageSUI.cpp">
      <Filter>ソース ファイル</Filter>
    </ClCompile>
    <ClCompile Include="hmrSprite.cpp">
      <Filter>ソース ファイル</Filter>
    </ClCompile>
    <ClCompile Include="HomuraViewer.cpp">
      <Filter>ソース ファイル</Filter>
    </ClCompile>
    <ClCompile Include="VMC1.c">
      <Filter>HomuraViewer</Filter>
    </ClCompile>
    <ClCompile Include="..\..\hmLib\hmLib\cdeque.c">
      <Filter>hmLib</Filter>
    </ClCompile>
    <ClCompile Include="..\..\hmLib\hmLib\comgate.cpp">
      <Filter>hmLib</Filter>
    </ClCompile>
    <ClCompile Include="..\..\hmLib\hmLib\coordinates.cpp">
      <Filter>hmLib</Filter>
    </ClCompile>
    <ClCompile Include="..\..\hmLib\hmLib\cqueue.c">
      <Filter>hmLib</Filter>
    </ClCompile>
    <ClCompile Include="..\..\hmLib\hmLib\cstack.c">
      <Filter>hmLib</Filter>
    </ClCompile>
    <ClCompile Include="..\..\hmLib\hmLib\cstring.c">
      <Filter>hmLib</Filter>
    </ClCompile>
    <ClCompile Include="..\..\hmLib\hmLib\debugstream.cpp">
      <Filter>hmLib</Filter>
    </ClCompile>
  </ItemGroup>
  <ItemGroup>
    <Image Include="icon.ico">
      <Filter>リソース ファイル</Filter>
    </Image>
  </ItemGroup>
</Project>