<?xml version="1.0" encoding="utf-8"?>
<Project ToolsVersion="4.0" xmlns="http://schemas.microsoft.com/developer/msbuild/2003">
  <ItemGroup>
    <Filter Include="ソース ファイル">
      <UniqueIdentifier>{4FC737F1-C7A5-4376-A066-2A32D752A2FF}</UniqueIdentifier>
      <Extensions>cpp;c;cc;cxx;def;odl;idl;hpj;bat;asm;asmx</Extensions>
    </Filter>
    <Filter Include="ヘッダー ファイル">
      <UniqueIdentifier>{93995380-89BD-4b04-88EB-625FBE52EBFB}</UniqueIdentifier>
      <Extensions>h;hh;hpp;hxx;hm;inl;inc;xsd</Extensions>
    </Filter>
    <Filter Include="リソース ファイル">
      <UniqueIdentifier>{67DA6AB6-F800-4c08-8B7A-83BB121AAD01}</UniqueIdentifier>
      <Extensions>rc;ico;cur;bmp;dlg;rc2;rct;bin;rgs;gif;jpg;jpeg;jpe;resx;tiff;tif;png;wav;mfcribbon-ms</Extensions>
    </Filter>
    <Filter Include="hmLib">
      <UniqueIdentifier>{a6084143-c692-46cc-882b-4793c8b4bb30}</UniqueIdentifier>
    </Filter>
    <Filter Include="hmrVLib">
      <UniqueIdentifier>{ca54955d-5dbb-4c0c-828b-7985efe4d03f}</UniqueIdentifier>
    </Filter>
    <Filter Include="hmrVLib\File">
      <UniqueIdentifier>{ad9cb7e9-4c02-4288-ba7d-09e6d9fffb41}</UniqueIdentifier>
    </Filter>
    <Filter Include="hmrVLib\Message">
      <UniqueIdentifier>{26f915af-7843-4ca1-a0a0-29d8c2787c36}</UniqueIdentifier>
    </Filter>
    <Filter Include="HomuraViewer">
      <UniqueIdentifier>{099dff50-5da1-4c2d-9632-5e11dcedc687}</UniqueIdentifier>
    </Filter>
    <Filter Include="HomuraViewer\FullADC">
      <UniqueIdentifier>{b746e03b-37eb-4437-a545-78a328211df5}</UniqueIdentifier>
    </Filter>
  </ItemGroup>
  <ItemGroup>
    <ClCompile Include="hmrCompassMA.cpp">
      <Filter>ソース ファイル</Filter>
    </ClCompile>
    <ClCompile Include="hmrDxDeviceManageSUI.cpp">
      <Filter>ソース ファイル</Filter>
    </ClCompile>
    <ClCompile Include="hmrDxIOSideDisp.cpp">
      <Filter>ソース ファイル</Filter>
    </ClCompile>
    <ClCompile Include="hmrDxLoggerManageSUI.cpp">
      <Filter>ソース ファイル</Filter>
    </ClCompile>
    <ClCompile Include="hmrSprite.cpp">
      <Filter>ソース ファイル</Filter>
    </ClCompile>
    <ClCompile Include="HomuraViewer.cpp">
      <Filter>ソース ファイル</Filter>
    </ClCompile>
    <ClCompile Include="..\..\..\..\OneDrive\SkyStorage\hmLib\hmLib_v4_02\hmLib\cstring.c">
      <Filter>hmLib</Filter>
    </ClCompile>
    <ClCompile Include="..\..\..\..\OneDrive\SkyStorage\hmLib\hmLib_v4_02\hmLib\comgate.cpp">
      <Filter>hmLib</Filter>
    </ClCompile>
    <ClCompile Include="..\..\..\..\OneDrive\SkyStorage\hmLib\hmLib_v4_02\hmLib\coordinates.cpp">
      <Filter>hmLib</Filter>
    </ClCompile>
    <ClCompile Include="..\..\..\..\OneDrive\SkyStorage\hmLib\hmLib_v4_02\hmLib\cdeque.c">
      <Filter>hmLib</Filter>
    </ClCompile>
    <ClCompile Include="..\..\..\..\OneDrive\SkyStorage\hmLib\hmLib_v4_02\hmLib\cqueue.c">
      <Filter>hmLib</Filter>
    </ClCompile>
    <ClCompile Include="..\..\..\..\OneDrive\SkyStorage\hmLib\hmLib_v4_02\hmLib\cstack.c">
      <Filter>hmLib</Filter>
    </ClCompile>
    <ClCompile Include="..\hmrVLib\hmrVLib\VMC1.c">
      <Filter>hmrVLib</Filter>
    </ClCompile>
  </ItemGroup>
  <ItemGroup>
    <ClInclude Include="hmLib_config.h">
      <Filter>ヘッダー ファイル</Filter>
    </ClInclude>
    <ClInclude Include="hmrADC.h">
      <Filter>ヘッダー ファイル</Filter>
    </ClInclude>
    <ClInclude Include="any_predicate.hpp">
      <Filter>ヘッダー ファイル</Filter>
    </ClInclude>
    <ClInclude Include="date.hpp">
      <Filter>ヘッダー ファイル</Filter>
    </ClInclude>
    <ClInclude Include="dxSignalBut.hpp">
      <Filter>ヘッダー ファイル</Filter>
    </ClInclude>
    <ClInclude Include="fomagate.hpp">
      <Filter>ヘッダー ファイル</Filter>
    </ClInclude>
    <ClInclude Include="hmLibVer.hpp">
      <Filter>ヘッダー ファイル</Filter>
    </ClInclude>
    <ClInclude Include="hmrAccele.hpp">
      <Filter>ヘッダー ファイル</Filter>
    </ClInclude>
    <ClInclude Include="hmrAcceleFile.hpp">
      <Filter>ヘッダー ファイル</Filter>
    </ClInclude>
    <ClInclude Include="hmrAcceleLogger.hpp">
      <Filter>ヘッダー ファイル</Filter>
    </ClInclude>
    <ClInclude Include="hmrBattery.hpp">
      <Filter>ヘッダー ファイル</Filter>
    </ClInclude>
    <ClInclude Include="hmrBatteryDataSet.hpp">
      <Filter>ヘッダー ファイル</Filter>
    </ClInclude>
    <ClInclude Include="hmrBatteryFile.hpp">
      <Filter>ヘッダー ファイル</Filter>
    </ClInclude>
    <ClInclude Include="hmrBufGate.hpp">
      <Filter>ヘッダー ファイル</Filter>
    </ClInclude>
    <ClInclude Include="hmrChrono.hpp">
      <Filter>ヘッダー ファイル</Filter>
    </ClInclude>
    <ClInclude Include="hmrCO2.hpp">
      <Filter>ヘッダー ファイル</Filter>
    </ClInclude>
    <ClInclude Include="hmrCO2File.hpp">
      <Filter>ヘッダー ファイル</Filter>
    </ClInclude>
    <ClInclude Include="hmrCom.hpp">
      <Filter>ヘッダー ファイル</Filter>
    </ClInclude>
    <ClInclude Include="hmrComLog.hpp">
      <Filter>ヘッダー ファイル</Filter>
    </ClInclude>
    <ClInclude Include="hmrCompass.hpp">
      <Filter>ヘッダー ファイル</Filter>
    </ClInclude>
    <ClInclude Include="hmrCompass_131111backup.hpp">
      <Filter>ヘッダー ファイル</Filter>
    </ClInclude>
    <ClInclude Include="hmrCompassData.hpp">
      <Filter>ヘッダー ファイル</Filter>
    </ClInclude>
    <ClInclude Include="hmrCompassFile.hpp">
      <Filter>ヘッダー ファイル</Filter>
    </ClInclude>
    <ClInclude Include="hmrCompassMA.hpp">
      <Filter>ヘッダー ファイル</Filter>
    </ClInclude>
    <ClInclude Include="hmrComTimeLogger.hpp">
      <Filter>ヘッダー ファイル</Filter>
    </ClInclude>
    <ClInclude Include="hmrConnectCore.hpp">
      <Filter>ヘッダー ファイル</Filter>
    </ClInclude>
    <ClInclude Include="hmrConnectDx.hpp">
      <Filter>ヘッダー ファイル</Filter>
    </ClInclude>
    <ClInclude Include="hmrConnectFile.hpp">
      <Filter>ヘッダー ファイル</Filter>
    </ClInclude>
    <ClInclude Include="hmrConnectKeyboard.hpp">
      <Filter>ヘッダー ファイル</Filter>
    </ClInclude>
    <ClInclude Include="hmrConnectModule.hpp">
      <Filter>ヘッダー ファイル</Filter>
    </ClInclude>
    <ClInclude Include="hmrConnectMUI.hpp">
      <Filter>ヘッダー ファイル</Filter>
    </ClInclude>
    <ClInclude Include="hmrConnectPad.hpp">
      <Filter>ヘッダー ファイル</Filter>
    </ClInclude>
    <ClInclude Include="hmrConnectSUI.hpp">
      <Filter>ヘッダー ファイル</Filter>
    </ClInclude>
    <ClInclude Include="hmrDeviceManage.hpp">
      <Filter>ヘッダー ファイル</Filter>
    </ClInclude>
    <ClInclude Include="hmrDeviceManage2.hpp">
      <Filter>ヘッダー ファイル</Filter>
    </ClInclude>
    <ClInclude Include="hmrDxAcceleMUI.hpp">
      <Filter>ヘッダー ファイル</Filter>
    </ClInclude>
    <ClInclude Include="hmrDxBattery.hpp">
      <Filter>ヘッダー ファイル</Filter>
    </ClInclude>
    <ClInclude Include="hmrDxBatteryMUI.hpp">
      <Filter>ヘッダー ファイル</Filter>
    </ClInclude>
    <ClInclude Include="hmrDxBufGateSUI.hpp">
      <Filter>ヘッダー ファイル</Filter>
    </ClInclude>
    <ClInclude Include="hmrDxBUI.hpp">
      <Filter>ヘッダー ファイル</Filter>
    </ClInclude>
    <ClInclude Include="hmrDxBUIBoxSideDisp.hpp">
      <Filter>ヘッダー ファイル</Filter>
    </ClInclude>
    <ClInclude Include="hmrDxChrono.hpp">
      <Filter>ヘッダー ファイル</Filter>
    </ClInclude>
    <ClInclude Include="hmrDxCO2MUI.hpp">
      <Filter>ヘッダー ファイル</Filter>
    </ClInclude>
    <ClInclude Include="hmrDXCom.hpp">
      <Filter>ヘッダー ファイル</Filter>
    </ClInclude>
    <ClInclude Include="hmrDxCom_v2.hpp">
      <Filter>ヘッダー ファイル</Filter>
    </ClInclude>
    <ClInclude Include="hmrDxCompassMUI.hpp">
      <Filter>ヘッダー ファイル</Filter>
    </ClInclude>
    <ClInclude Include="hmrDxComSUI.hpp">
      <Filter>ヘッダー ファイル</Filter>
    </ClInclude>
    <ClInclude Include="hmrDxControlMainDisplay.hpp">
      <Filter>ヘッダー ファイル</Filter>
    </ClInclude>
    <ClInclude Include="hmrDxDeviceManageSUI.hpp">
      <Filter>ヘッダー ファイル</Filter>
    </ClInclude>
    <ClInclude Include="hmrDxDeviceManageSUI2.hpp">
      <Filter>ヘッダー ファイル</Filter>
    </ClInclude>
    <ClInclude Include="hmrDxDisplay.hpp">
      <Filter>ヘッダー ファイル</Filter>
    </ClInclude>
    <ClInclude Include="hmrDxFileSUI.hpp">
      <Filter>ヘッダー ファイル</Filter>
    </ClInclude>
    <ClInclude Include="hmrDxGateSwitcher.hpp">
      <Filter>ヘッダー ファイル</Filter>
    </ClInclude>
    <ClInclude Include="hmrDxGateSwitcherSUI.hpp">
      <Filter>ヘッダー ファイル</Filter>
    </ClInclude>
    <ClInclude Include="hmrDxGPSKashmir.hpp">
      <Filter>ヘッダー ファイル</Filter>
    </ClInclude>
    <ClInclude Include="hmrDxGPSMap.hpp">
      <Filter>ヘッダー ファイル</Filter>
    </ClInclude>
    <ClInclude Include="hmrDxGPSMUI.hpp">
      <Filter>ヘッダー ファイル</Filter>
    </ClInclude>
    <ClInclude Include="hmrDxGyroMUI.hpp">
      <Filter>ヘッダー ファイル</Filter>
    </ClInclude>
    <ClInclude Include="hmrDxH2SMUI.hpp">
      <Filter>ヘッダー ファイル</Filter>
    </ClInclude>
    <ClInclude Include="hmrDxHumidMUI.hpp">
      <Filter>ヘッダー ファイル</Filter>
    </ClInclude>
    <ClInclude Include="hmrDxInfomation.hpp">
      <Filter>ヘッダー ファイル</Filter>
    </ClInclude>
    <ClInclude Include="hmrDxInfraRedMUI.hpp">
      <Filter>ヘッダー ファイル</Filter>
    </ClInclude>
    <ClInclude Include="hmrDxIO.hpp">
      <Filter>ヘッダー ファイル</Filter>
    </ClInclude>
    <ClInclude Include="hmrDxIO_v2.hpp">
      <Filter>ヘッダー ファイル</Filter>
    </ClInclude>
    <ClInclude Include="hmrDxIODisplay.hpp">
      <Filter>ヘッダー ファイル</Filter>
    </ClInclude>
    <ClInclude Include="hmrDxIOLogGateSUI.hpp">
      <Filter>ヘッダー ファイル</Filter>
    </ClInclude>
    <ClInclude Include="hmrDxIOSUI.hpp">
      <Filter>ヘッダー ファイル</Filter>
    </ClInclude>
    <ClInclude Include="hmrDxKeyboard.hpp">
      <Filter>ヘッダー ファイル</Filter>
    </ClInclude>
    <ClInclude Include="hmrDxLoggerManageSUI.hpp">
      <Filter>ヘッダー ファイル</Filter>
    </ClInclude>
    <ClInclude Include="hmrDXMessage.hpp">
      <Filter>ヘッダー ファイル</Filter>
    </ClInclude>
    <ClInclude Include="hmrDxMotorMUI.hpp">
      <Filter>ヘッダー ファイル</Filter>
    </ClInclude>
    <ClInclude Include="hmrDxNavigator.hpp">
      <Filter>ヘッダー ファイル</Filter>
    </ClInclude>
    <ClInclude Include="hmrDxOperatorSUI.hpp">
      <Filter>ヘッダー ファイル</Filter>
    </ClInclude>
    <ClInclude Include="hmrDxPad.hpp">
      <Filter>ヘッダー ファイル</Filter>
    </ClInclude>
    <ClInclude Include="hmrDxPadStatus.hpp">
      <Filter>ヘッダー ファイル</Filter>
    </ClInclude>
    <ClInclude Include="hmrDxSHT75MUI.hpp">
      <Filter>ヘッダー ファイル</Filter>
    </ClInclude>
    <ClInclude Include="hmrDxSprite.hpp">
      <Filter>ヘッダー ファイル</Filter>
    </ClInclude>
    <ClInclude Include="hmrDxSpriteMUI.hpp">
      <Filter>ヘッダー ファイル</Filter>
    </ClInclude>
    <ClInclude Include="hmrDxThermoMUI.hpp">
      <Filter>ヘッダー ファイル</Filter>
    </ClInclude>
    <ClInclude Include="hmrDxTools.hpp">
      <Filter>ヘッダー ファイル</Filter>
    </ClInclude>
    <ClInclude Include="hmrDxVMCSUI.hpp">
      <Filter>ヘッダー ファイル</Filter>
    </ClInclude>
    <ClInclude Include="hmrFlagirl.hpp">
      <Filter>ヘッダー ファイル</Filter>
    </ClInclude>
    <ClInclude Include="hmrGateConnector.hpp">
      <Filter>ヘッダー ファイル</Filter>
    </ClInclude>
    <ClInclude Include="hmrGateSwitcher.hpp">
      <Filter>ヘッダー ファイル</Filter>
    </ClInclude>
    <ClInclude Include="hmrGPS.hpp">
      <Filter>ヘッダー ファイル</Filter>
    </ClInclude>
    <ClInclude Include="hmrGPSDataSet.hpp">
      <Filter>ヘッダー ファイル</Filter>
    </ClInclude>
    <ClInclude Include="hmrGPSFile.hpp">
      <Filter>ヘッダー ファイル</Filter>
    </ClInclude>
    <ClInclude Include="hmrGPSKashmir.hpp">
      <Filter>ヘッダー ファイル</Filter>
    </ClInclude>
    <ClInclude Include="hmrGyro.hpp">
      <Filter>ヘッダー ファイル</Filter>
    </ClInclude>
    <ClInclude Include="hmrGyroCompass.hpp">
      <Filter>ヘッダー ファイル</Filter>
    </ClInclude>
    <ClInclude Include="hmrGyroFile.hpp">
      <Filter>ヘッダー ファイル</Filter>
    </ClInclude>
    <ClInclude Include="hmrGyroLogger.hpp">
      <Filter>ヘッダー ファイル</Filter>
    </ClInclude>
    <ClInclude Include="hmrH2S.hpp">
      <Filter>ヘッダー ファイル</Filter>
    </ClInclude>
    <ClInclude Include="hmrH2SFile.hpp">
      <Filter>ヘッダー ファイル</Filter>
    </ClInclude>
    <ClInclude Include="hmrHumid.hpp">
      <Filter>ヘッダー ファイル</Filter>
    </ClInclude>
    <ClInclude Include="hmrHumidFile.hpp">
      <Filter>ヘッダー ファイル</Filter>
    </ClInclude>
    <ClInclude Include="hmrInfraRed.hpp">
      <Filter>ヘッダー ファイル</Filter>
    </ClInclude>
    <ClInclude Include="hmrInfraRedFile.hpp">
      <Filter>ヘッダー ファイル</Filter>
    </ClInclude>
    <ClInclude Include="hmrIO.hpp">
      <Filter>ヘッダー ファイル</Filter>
    </ClInclude>
    <ClInclude Include="hmrItfCom.hpp">
      <Filter>ヘッダー ファイル</Filter>
    </ClInclude>
    <ClInclude Include="hmrLoggerManage.hpp">
      <Filter>ヘッダー ファイル</Filter>
    </ClInclude>
    <ClInclude Include="hmrManipulator.hpp">
      <Filter>ヘッダー ファイル</Filter>
    </ClInclude>
    <ClInclude Include="hmrMotor.hpp">
      <Filter>ヘッダー ファイル</Filter>
    </ClInclude>
    <ClInclude Include="hmrOperator.hpp">
      <Filter>ヘッダー ファイル</Filter>
    </ClInclude>
    <ClInclude Include="hmrSensorsFile.hpp">
      <Filter>ヘッダー ファイル</Filter>
    </ClInclude>
    <ClInclude Include="hmrSHT75.hpp">
      <Filter>ヘッダー ファイル</Filter>
    </ClInclude>
    <ClInclude Include="hmrSprite.hpp">
      <Filter>ヘッダー ファイル</Filter>
    </ClInclude>
    <ClInclude Include="hmrSpriteFile.hpp">
      <Filter>ヘッダー ファイル</Filter>
    </ClInclude>
    <ClInclude Include="hmrThermo.hpp">
      <Filter>ヘッダー ファイル</Filter>
    </ClInclude>
    <ClInclude Include="hmrThermoFile.hpp">
      <Filter>ヘッダー ファイル</Filter>
    </ClInclude>
    <ClInclude Include="iologgate.hpp">
      <Filter>ヘッダー ファイル</Filter>
    </ClInclude>
    <ClInclude Include="predicate.hpp">
      <Filter>ヘッダー ファイル</Filter>
    </ClInclude>
    <ClInclude Include="vmstatus.hpp">
      <Filter>ヘッダー ファイル</Filter>
    </ClInclude>
    <ClInclude Include="..\hmrVLib\hmrVLib\File.hpp">
      <Filter>hmrVLib</Filter>
    </ClInclude>
    <ClInclude Include="..\hmrVLib\hmrVLib\VMC1.h">
      <Filter>hmrVLib</Filter>
    </ClInclude>
    <ClInclude Include="..\hmrVLib\hmrVLib\File\ItfFile.hpp">
      <Filter>hmrVLib\File</Filter>
    </ClInclude>
    <ClInclude Include="..\hmrVLib\hmrVLib\Data.hpp">
      <Filter>hmrVLib</Filter>
    </ClInclude>
    <ClInclude Include="..\hmrVLib\hmrVLib\File\ConstNameFileAgent.hpp">
      <Filter>hmrVLib\File</Filter>
    </ClInclude>
    <ClInclude Include="..\hmrVLib\hmrVLib\File\CSVFileAgent.hpp">
      <Filter>hmrVLib\File</Filter>
    </ClInclude>
    <ClInclude Include="..\hmrVLib\hmrVLib\File\UniSensorFileAgent.hpp">
      <Filter>hmrVLib\File</Filter>
    </ClInclude>
    <ClInclude Include="..\hmrVLib\hmrVLib\File\TimeDirectoryFile.hpp">
      <Filter>hmrVLib\File</Filter>
    </ClInclude>
    <ClInclude Include="..\hmrVLib\hmrVLib\File\ConstNameDirectoryFile.hpp">
      <Filter>hmrVLib\File</Filter>
    </ClInclude>
    <ClInclude Include="..\hmLib\hmLib\coordinates.hpp">
      <Filter>hmLib</Filter>
    </ClInclude>
    <ClInclude Include="..\hmrVLib\hmrVLib\Message\ItfMessageAgent.hpp">
      <Filter>hmrVLib\Message</Filter>
    </ClInclude>
    <ClInclude Include="..\hmrVLib\hmrVLib\Message\Message.hpp">
      <Filter>hmrVLib\Message</Filter>
    </ClInclude>
    <ClInclude Include="..\hmrVLib\hmrVLib\Message\ItfMessage.hpp">
      <Filter>hmrVLib\Message</Filter>
    </ClInclude>
    <ClInclude Include="..\hmrVLib\hmrVLib\Message.hpp">
      <Filter>hmrVLib</Filter>
    </ClInclude>
    <ClInclude Include="UniSensor.hpp">
      <Filter>ヘッダー ファイル</Filter>
    </ClInclude>
    <ClInclude Include="modeflags.hpp">
      <Filter>ヘッダー ファイル</Filter>
    </ClInclude>
    <ClInclude Include="Resource.hpp">
      <Filter>ヘッダー ファイル</Filter>
    </ClInclude>
    <ClInclude Include="FullADC.hpp">
      <Filter>HomuraViewer</Filter>
    </ClInclude>
    <ClInclude Include="FullADC\Data.hpp">
      <Filter>HomuraViewer\FullADC</Filter>
    </ClInclude>
    <ClInclude Include="FullADC\DxMUI.hpp">
      <Filter>HomuraViewer\FullADC</Filter>
    </ClInclude>
    <ClInclude Include="FullADC\FullADCMessageAgent.hpp">
      <Filter>HomuraViewer\FullADC</Filter>
    </ClInclude>
    <ClInclude Include="FullADC\FileAgent.hpp">
      <Filter>HomuraViewer\FullADC</Filter>
    </ClInclude>
  </ItemGroup>
  <ItemGroup>
    <Image Include="icon2.ico">
      <Filter>リソース ファイル</Filter>
    </Image>
  </ItemGroup>
  <ItemGroup>
    <ResourceCompile Include="Resource.rc">
      <Filter>リソース ファイル</Filter>
    </ResourceCompile>
  </ItemGroup>
</Project>